
Microsoft Visual Studio Solution File, Format Version 12.00
# Visual Studio 15
VisualStudioVersion = 15.0.27130.2027
MinimumVisualStudioVersion = 10.0.40219.1
Project("{FAE04EC0-301F-11D3-BF4B-00C04F79EFBC}") = "lab8", "lab8\lab8.csproj", "{8906D89B-D794-418A-8E25-BE19027A491C}"
EndProject
Global
	GlobalSection(SolutionConfigurationPlatforms) = preSolution
		Debug|Any CPU = Debug|Any CPU
		Release|Any CPU = Release|Any CPU
	EndGlobalSection
	GlobalSection(ProjectConfigurationPlatforms) = postSolution
		{8906D89B-D794-418A-8E25-BE19027A491C}.Debug|Any CPU.ActiveCfg = Debug|Any CPU
		{8906D89B-D794-418A-8E25-BE19027A491C}.Debug|Any CPU.Build.0 = Debug|Any CPU
		{8906D89B-D794-418A-8E25-BE19027A491C}.Release|Any CPU.ActiveCfg = Release|Any CPU
		{8906D89B-D794-418A-8E25-BE19027A491C}.Release|Any CPU.Build.0 = Release|Any CPU
	EndGlobalSection
	GlobalSection(SolutionProperties) = preSolution
		HideSolutionNode = FALSE
	EndGlobalSection
	GlobalSection(ExtensibilityGlobals) = postSolution
		SolutionGuid = {4B7630DB-EAF6-4302-A84B-1080E5DED226}
	EndGlobalSection
EndGlobal
